
Microsoft Visual Studio Solution File, Format Version 12.00
# Visual Studio Version 17
VisualStudioVersion = 17.2.32526.322
MinimumVisualStudioVersion = 10.0.40219.1
Project("{FAE04EC0-301F-11D3-BF4B-00C04F79EFBC}") = "SudokuSolver", "SudokuSolver\SudokuSolver.csproj", "{338D1996-8960-4695-89D2-32247CE4954E}"
EndProject
Global
	GlobalSection(SolutionConfigurationPlatforms) = preSolution
		Debug|Any CPU = Debug|Any CPU
		Release|Any CPU = Release|Any CPU
	EndGlobalSection
	GlobalSection(ProjectConfigurationPlatforms) = postSolution
		{338D1996-8960-4695-89D2-32247CE4954E}.Debug|Any CPU.ActiveCfg = Debug|Any CPU
		{338D1996-8960-4695-89D2-32247CE4954E}.Debug|Any CPU.Build.0 = Debug|Any CPU
		{338D1996-8960-4695-89D2-32247CE4954E}.Release|Any CPU.ActiveCfg = Release|Any CPU
		{338D1996-8960-4695-89D2-32247CE4954E}.Release|Any CPU.Build.0 = Release|Any CPU
	EndGlobalSection
	GlobalSection(SolutionProperties) = preSolution
		HideSolutionNode = FALSE
	EndGlobalSection
	GlobalSection(ExtensibilityGlobals) = postSolution
		SolutionGuid = {7D111594-C87F-4C23-B2E5-C08BDEC8662B}
	EndGlobalSection
EndGlobal
